
Microsoft Visual Studio Solution File, Format Version 12.00
# Visual Studio Version 16
VisualStudioVersion = 16.0.30225.117
MinimumVisualStudioVersion = 10.0.40219.1
Project("{9A19103F-16F7-4668-BE54-9A1E7A4F7556}") = "WebRequest.Elegant.Offline", "src\WebRequest.Elegant.Offline.csproj", "{57FAEDF5-CEA4-4D45-AF54-2A2BE870C24F}"
EndProject
Project("{FAE04EC0-301F-11D3-BF4B-00C04F79EFBC}") = "WebRequest.Elegant.Offline.Tests", "tests\WebRequest.Elegant.Offline.Tests.csproj", "{EFCDB1C9-B0C7-493A-9014-B8FFB5282C97}"
EndProject
Global
	GlobalSection(SolutionConfigurationPlatforms) = preSolution
		Debug|Any CPU = Debug|Any CPU
		Release|Any CPU = Release|Any CPU
	EndGlobalSection
	GlobalSection(ProjectConfigurationPlatforms) = postSolution
		{57FAEDF5-CEA4-4D45-AF54-2A2BE870C24F}.Debug|Any CPU.ActiveCfg = Debug|Any CPU
		{57FAEDF5-CEA4-4D45-AF54-2A2BE870C24F}.Debug|Any CPU.Build.0 = Debug|Any CPU
		{57FAEDF5-CEA4-4D45-AF54-2A2BE870C24F}.Release|Any CPU.ActiveCfg = Release|Any CPU
		{57FAEDF5-CEA4-4D45-AF54-2A2BE870C24F}.Release|Any CPU.Build.0 = Release|Any CPU
		{EFCDB1C9-B0C7-493A-9014-B8FFB5282C97}.Debug|Any CPU.ActiveCfg = Debug|Any CPU
		{EFCDB1C9-B0C7-493A-9014-B8FFB5282C97}.Debug|Any CPU.Build.0 = Debug|Any CPU
		{EFCDB1C9-B0C7-493A-9014-B8FFB5282C97}.Release|Any CPU.ActiveCfg = Release|Any CPU
		{EFCDB1C9-B0C7-493A-9014-B8FFB5282C97}.Release|Any CPU.Build.0 = Release|Any CPU
	EndGlobalSection
	GlobalSection(SolutionProperties) = preSolution
		HideSolutionNode = FALSE
	EndGlobalSection
	GlobalSection(ExtensibilityGlobals) = postSolution
		SolutionGuid = {49233525-53CA-48BF-A8B4-657B13B8DB02}
	EndGlobalSection
EndGlobal
